
Microsoft Visual Studio Solution File, Format Version 12.00
# Visual Studio Version 16
VisualStudioVersion = 16.0.30114.105
MinimumVisualStudioVersion = 10.0.40219.1
Project("{8BC9CEB8-8B4A-11D0-8D11-00A0C91BC942}") = "Practice02_01_string", "Practice02_01_string\Practice02_01_string.vcxproj", "{90D83A28-A99E-40C6-9ED8-9D3A4B423F83}"
EndProject
Project("{8BC9CEB8-8B4A-11D0-8D11-00A0C91BC942}") = "Practice02_02_vector", "Practice02_02_vector\Practice02_02_vector.vcxproj", "{720C62AC-9A66-4285-ADEB-A7AAFB9E7A54}"
EndProject
Project("{8BC9CEB8-8B4A-11D0-8D11-00A0C91BC942}") = "Practice02_03_iterator", "Practice02_03_iterator\Practice02_03_iterator.vcxproj", "{579A07FD-F451-4164-9883-54010D3BDD00}"
EndProject
Project("{8BC9CEB8-8B4A-11D0-8D11-00A0C91BC942}") = "Practice02_04", "Practice02_04\Practice02_04.vcxproj", "{CBA24494-844B-4195-854E-FC5173F22AE5}"
EndProject
Project("{8BC9CEB8-8B4A-11D0-8D11-00A0C91BC942}") = "Practice02_05", "Practice02_05\Practice02_05.vcxproj", "{C4781969-7A9D-4025-945B-46B33C20AA82}"
EndProject
Global
	GlobalSection(SolutionConfigurationPlatforms) = preSolution
		Debug|x64 = Debug|x64
		Debug|x86 = Debug|x86
		Release|x64 = Release|x64
		Release|x86 = Release|x86
	EndGlobalSection
	GlobalSection(ProjectConfigurationPlatforms) = postSolution
		{90D83A28-A99E-40C6-9ED8-9D3A4B423F83}.Debug|x64.ActiveCfg = Debug|x64
		{90D83A28-A99E-40C6-9ED8-9D3A4B423F83}.Debug|x64.Build.0 = Debug|x64
		{90D83A28-A99E-40C6-9ED8-9D3A4B423F83}.Debug|x86.ActiveCfg = Debug|Win32
		{90D83A28-A99E-40C6-9ED8-9D3A4B423F83}.Debug|x86.Build.0 = Debug|Win32
		{90D83A28-A99E-40C6-9ED8-9D3A4B423F83}.Release|x64.ActiveCfg = Release|x64
		{90D83A28-A99E-40C6-9ED8-9D3A4B423F83}.Release|x64.Build.0 = Release|x64
		{90D83A28-A99E-40C6-9ED8-9D3A4B423F83}.Release|x86.ActiveCfg = Release|Win32
		{90D83A28-A99E-40C6-9ED8-9D3A4B423F83}.Release|x86.Build.0 = Release|Win32
		{720C62AC-9A66-4285-ADEB-A7AAFB9E7A54}.Debug|x64.ActiveCfg = Debug|x64
		{720C62AC-9A66-4285-ADEB-A7AAFB9E7A54}.Debug|x64.Build.0 = Debug|x64
		{720C62AC-9A66-4285-ADEB-A7AAFB9E7A54}.Debug|x86.ActiveCfg = Debug|Win32
		{720C62AC-9A66-4285-ADEB-A7AAFB9E7A54}.Debug|x86.Build.0 = Debug|Win32
		{720C62AC-9A66-4285-ADEB-A7AAFB9E7A54}.Release|x64.ActiveCfg = Release|x64
		{720C62AC-9A66-4285-ADEB-A7AAFB9E7A54}.Release|x64.Build.0 = Release|x64
		{720C62AC-9A66-4285-ADEB-A7AAFB9E7A54}.Release|x86.ActiveCfg = Release|Win32
		{720C62AC-9A66-4285-ADEB-A7AAFB9E7A54}.Release|x86.Build.0 = Release|Win32
		{579A07FD-F451-4164-9883-54010D3BDD00}.Debug|x64.ActiveCfg = Debug|x64
		{579A07FD-F451-4164-9883-54010D3BDD00}.Debug|x64.Build.0 = Debug|x64
		{579A07FD-F451-4164-9883-54010D3BDD00}.Debug|x86.ActiveCfg = Debug|Win32
		{579A07FD-F451-4164-9883-54010D3BDD00}.Debug|x86.Build.0 = Debug|Win32
		{579A07FD-F451-4164-9883-54010D3BDD00}.Release|x64.ActiveCfg = Release|x64
		{579A07FD-F451-4164-9883-54010D3BDD00}.Release|x64.Build.0 = Release|x64
		{579A07FD-F451-4164-9883-54010D3BDD00}.Release|x86.ActiveCfg = Release|Win32
		{579A07FD-F451-4164-9883-54010D3BDD00}.Release|x86.Build.0 = Release|Win32
		{CBA24494-844B-4195-854E-FC5173F22AE5}.Debug|x64.ActiveCfg = Debug|x64
		{CBA24494-844B-4195-854E-FC5173F22AE5}.Debug|x64.Build.0 = Debug|x64
		{CBA24494-844B-4195-854E-FC5173F22AE5}.Debug|x86.ActiveCfg = Debug|Win32
		{CBA24494-844B-4195-854E-FC5173F22AE5}.Debug|x86.Build.0 = Debug|Win32
		{CBA24494-844B-4195-854E-FC5173F22AE5}.Release|x64.ActiveCfg = Release|x64
		{CBA24494-844B-4195-854E-FC5173F22AE5}.Release|x64.Build.0 = Release|x64
		{CBA24494-844B-4195-854E-FC5173F22AE5}.Release|x86.ActiveCfg = Release|Win32
		{CBA24494-844B-4195-854E-FC5173F22AE5}.Release|x86.Build.0 = Release|Win32
		{C4781969-7A9D-4025-945B-46B33C20AA82}.Debug|x64.ActiveCfg = Debug|x64
		{C4781969-7A9D-4025-945B-46B33C20AA82}.Debug|x64.Build.0 = Debug|x64
		{C4781969-7A9D-4025-945B-46B33C20AA82}.Debug|x86.ActiveCfg = Debug|Win32
		{C4781969-7A9D-4025-945B-46B33C20AA82}.Debug|x86.Build.0 = Debug|Win32
		{C4781969-7A9D-4025-945B-46B33C20AA82}.Release|x64.ActiveCfg = Release|x64
		{C4781969-7A9D-4025-945B-46B33C20AA82}.Release|x64.Build.0 = Release|x64
		{C4781969-7A9D-4025-945B-46B33C20AA82}.Release|x86.ActiveCfg = Release|Win32
		{C4781969-7A9D-4025-945B-46B33C20AA82}.Release|x86.Build.0 = Release|Win32
	EndGlobalSection
	GlobalSection(SolutionProperties) = preSolution
		HideSolutionNode = FALSE
	EndGlobalSection
	GlobalSection(ExtensibilityGlobals) = postSolution
		SolutionGuid = {2F9598FA-0F6E-4598-8D42-E96F39537740}
	EndGlobalSection
EndGlobal
